
Microsoft Visual Studio Solution File, Format Version 12.00
# Visual Studio Version 16
VisualStudioVersion = 16.0.29503.13
MinimumVisualStudioVersion = 10.0.40219.1
Project("{FAE04EC0-301F-11D3-BF4B-00C04F79EFBC}") = "FastSmallTools", "FastSmallTools\FastSmallTools.csproj", "{8DC9D7BB-1B3F-48CC-92DD-2DFAFF63116A}"
EndProject
Global
	GlobalSection(SolutionConfigurationPlatforms) = preSolution
		Debug|Any CPU = Debug|Any CPU
		Release|Any CPU = Release|Any CPU
	EndGlobalSection
	GlobalSection(ProjectConfigurationPlatforms) = postSolution
		{8DC9D7BB-1B3F-48CC-92DD-2DFAFF63116A}.Debug|Any CPU.ActiveCfg = Debug|Any CPU
		{8DC9D7BB-1B3F-48CC-92DD-2DFAFF63116A}.Debug|Any CPU.Build.0 = Debug|Any CPU
		{8DC9D7BB-1B3F-48CC-92DD-2DFAFF63116A}.Release|Any CPU.ActiveCfg = Release|Any CPU
		{8DC9D7BB-1B3F-48CC-92DD-2DFAFF63116A}.Release|Any CPU.Build.0 = Release|Any CPU
	EndGlobalSection
	GlobalSection(SolutionProperties) = preSolution
		HideSolutionNode = FALSE
	EndGlobalSection
	GlobalSection(ExtensibilityGlobals) = postSolution
		SolutionGuid = {A1A8FF9C-BF3E-4ABC-9E26-48235C6C473A}
	EndGlobalSection
EndGlobal
